// !$*UTF8*$!
{
	archiveVersion = 1;
	classes = {
	};
	objectVersion = 50;
	objects = {

/* Begin PBXBuildFile section */
		130CC8EFFFD2EDC40E8779FF /* Pods_FanzPlay.framework in Frameworks */ = {isa = PBXBuildFile; fileRef = 741F16C525B114493EEAC6BE /* Pods_FanzPlay.framework */; };
		6A3431B320D782FB00DD5DB1 /* ReverseGeoCoder.swift in Sources */ = {isa = PBXBuildFile; fileRef = 6A3431B220D782FB00DD5DB1 /* ReverseGeoCoder.swift */; };
		6A7609A620E5BD8700A61AC8 /* UserDataModel.swift in Sources */ = {isa = PBXBuildFile; fileRef = 6A7609A520E5BD8700A61AC8 /* UserDataModel.swift */; };
		6A80869620D8A10000DD0F2D /* UIColor.swift in Sources */ = {isa = PBXBuildFile; fileRef = 6A80869320D8A10000DD0F2D /* UIColor.swift */; };
		6A80869720D8A10000DD0F2D /* DeviceType.swift in Sources */ = {isa = PBXBuildFile; fileRef = 6A80869520D8A10000DD0F2D /* DeviceType.swift */; };
		6A80869E20D8A2CB00DD0F2D /* ConnectionDetector.swift in Sources */ = {isa = PBXBuildFile; fileRef = 6A80869D20D8A2CB00DD0F2D /* ConnectionDetector.swift */; };
		6A8086A620D8DBAF00DD0F2D /* LaunchScreen.storyboard in Resources */ = {isa = PBXBuildFile; fileRef = 6A8086A520D8DBAF00DD0F2D /* LaunchScreen.storyboard */; };
		6A8143AC20D0DF6900C7E20D /* SideMenu.swift in Sources */ = {isa = PBXBuildFile; fileRef = 6A8143AB20D0DF6900C7E20D /* SideMenu.swift */; };
		6A8143B220D100C700C7E20D /* MainViewUIView.swift in Sources */ = {isa = PBXBuildFile; fileRef = 6A8143B120D100C700C7E20D /* MainViewUIView.swift */; };
		6A85CB1A20E35AF500106766 /* AlertDialogs.swift in Sources */ = {isa = PBXBuildFile; fileRef = 6A85CB1920E35AF500106766 /* AlertDialogs.swift */; };
		6A8A7D1920E4D62C006C5C09 /* ApiParser.swift in Sources */ = {isa = PBXBuildFile; fileRef = 6A8A7D1820E4D62C006C5C09 /* ApiParser.swift */; };
		6A8BB32B20E4775500594EE0 /* ErrorHandler.swift in Sources */ = {isa = PBXBuildFile; fileRef = 6A8BB32A20E4775500594EE0 /* ErrorHandler.swift */; };
		6A8D68B120CF5A83005DFFE9 /* AppDelegate.swift in Sources */ = {isa = PBXBuildFile; fileRef = 6A8D68B020CF5A83005DFFE9 /* AppDelegate.swift */; };
		6A8D68B320CF5A84005DFFE9 /* MainViewController.swift in Sources */ = {isa = PBXBuildFile; fileRef = 6A8D68B220CF5A84005DFFE9 /* MainViewController.swift */; };
		6A8D68B820CF5A85005DFFE9 /* Assets.xcassets in Resources */ = {isa = PBXBuildFile; fileRef = 6A8D68B720CF5A85005DFFE9 /* Assets.xcassets */; };
		6AB0FAE620D9FEE700DC65A8 /* SignUpViaEmail.swift in Sources */ = {isa = PBXBuildFile; fileRef = 6AB0FAE520D9FEE700DC65A8 /* SignUpViaEmail.swift */; };
		6AB0FAE920D9FF3800DC65A8 /* LoginViaFacebook.swift in Sources */ = {isa = PBXBuildFile; fileRef = 6AB0FAE820D9FF3800DC65A8 /* LoginViaFacebook.swift */; };
		6AB0FAEB20D9FF5C00DC65A8 /* LoginViaGoogle+.swift in Sources */ = {isa = PBXBuildFile; fileRef = 6AB0FAEA20D9FF5C00DC65A8 /* LoginViaGoogle+.swift */; };
		6AB0FAF120DA02D700DC65A8 /* SocialLoginViewController.swift in Sources */ = {isa = PBXBuildFile; fileRef = 6AB0FAF020DA02D700DC65A8 /* SocialLoginViewController.swift */; };
		6AB0FAF420DA082600DC65A8 /* SocialLoginUIView.swift in Sources */ = {isa = PBXBuildFile; fileRef = 6AB0FAF320DA082600DC65A8 /* SocialLoginUIView.swift */; };
		6AB0FAFC20DA26B400DC65A8 /* Constants.swift in Sources */ = {isa = PBXBuildFile; fileRef = 6AB0FAFB20DA26B400DC65A8 /* Constants.swift */; };
		6AD0450F20D7A7180030ED4E /* SplashViewController.swift in Sources */ = {isa = PBXBuildFile; fileRef = 6AD0450E20D7A7180030ED4E /* SplashViewController.swift */; };
		6AE3020820E0971200603C35 /* GoogleService-Info.plist in Resources */ = {isa = PBXBuildFile; fileRef = 6AE3020720E0971200603C35 /* GoogleService-Info.plist */; };
/* End PBXBuildFile section */

/* Begin PBXFileReference section */
		586E6BA7C179753604FB3AE6 /* Pods-FanzPlay.release.xcconfig */ = {isa = PBXFileReference; includeInIndex = 1; lastKnownFileType = text.xcconfig; name = "Pods-FanzPlay.release.xcconfig"; path = "Pods/Target Support Files/Pods-FanzPlay/Pods-FanzPlay.release.xcconfig"; sourceTree = "<group>"; };
		6A3431B220D782FB00DD5DB1 /* ReverseGeoCoder.swift */ = {isa = PBXFileReference; lastKnownFileType = sourcecode.swift; path = ReverseGeoCoder.swift; sourceTree = "<group>"; };
		6A7609A520E5BD8700A61AC8 /* UserDataModel.swift */ = {isa = PBXFileReference; lastKnownFileType = sourcecode.swift; path = UserDataModel.swift; sourceTree = "<group>"; };
		6A80869320D8A10000DD0F2D /* UIColor.swift */ = {isa = PBXFileReference; fileEncoding = 4; lastKnownFileType = sourcecode.swift; path = UIColor.swift; sourceTree = "<group>"; };
		6A80869420D8A10000DD0F2D /* CommonCryptor.h */ = {isa = PBXFileReference; fileEncoding = 4; lastKnownFileType = sourcecode.c.h; path = CommonCryptor.h; sourceTree = "<group>"; };
		6A80869520D8A10000DD0F2D /* DeviceType.swift */ = {isa = PBXFileReference; fileEncoding = 4; lastKnownFileType = sourcecode.swift; path = DeviceType.swift; sourceTree = "<group>"; };
		6A80869820D8A12100DD0F2D /* FanzPlay-Bridging-Header.h */ = {isa = PBXFileReference; lastKnownFileType = sourcecode.c.h; path = "FanzPlay-Bridging-Header.h"; sourceTree = "<group>"; };
		6A80869D20D8A2CB00DD0F2D /* ConnectionDetector.swift */ = {isa = PBXFileReference; lastKnownFileType = sourcecode.swift; path = ConnectionDetector.swift; sourceTree = "<group>"; };
		6A8086A520D8DBAF00DD0F2D /* LaunchScreen.storyboard */ = {isa = PBXFileReference; fileEncoding = 4; lastKnownFileType = file.storyboard; path = LaunchScreen.storyboard; sourceTree = "<group>"; };
		6A8143AB20D0DF6900C7E20D /* SideMenu.swift */ = {isa = PBXFileReference; lastKnownFileType = sourcecode.swift; path = SideMenu.swift; sourceTree = "<group>"; };
		6A8143B120D100C700C7E20D /* MainViewUIView.swift */ = {isa = PBXFileReference; lastKnownFileType = sourcecode.swift; path = MainViewUIView.swift; sourceTree = "<group>"; };
		6A85CB1920E35AF500106766 /* AlertDialogs.swift */ = {isa = PBXFileReference; lastKnownFileType = sourcecode.swift; path = AlertDialogs.swift; sourceTree = "<group>"; };
		6A85CB1C20E37D7000106766 /* FanzPlay.entitlements */ = {isa = PBXFileReference; lastKnownFileType = text.plist.entitlements; path = FanzPlay.entitlements; sourceTree = "<group>"; };
		6A8A7D1820E4D62C006C5C09 /* ApiParser.swift */ = {isa = PBXFileReference; lastKnownFileType = sourcecode.swift; path = ApiParser.swift; sourceTree = "<group>"; };
		6A8BB32A20E4775500594EE0 /* ErrorHandler.swift */ = {isa = PBXFileReference; lastKnownFileType = sourcecode.swift; path = ErrorHandler.swift; sourceTree = "<group>"; };
		6A8D68AD20CF5A83005DFFE9 /* FanzPlay.app */ = {isa = PBXFileReference; explicitFileType = wrapper.application; includeInIndex = 0; path = FanzPlay.app; sourceTree = BUILT_PRODUCTS_DIR; };
		6A8D68B020CF5A83005DFFE9 /* AppDelegate.swift */ = {isa = PBXFileReference; lastKnownFileType = sourcecode.swift; path = AppDelegate.swift; sourceTree = "<group>"; };
		6A8D68B220CF5A84005DFFE9 /* MainViewController.swift */ = {isa = PBXFileReference; lastKnownFileType = sourcecode.swift; path = MainViewController.swift; sourceTree = "<group>"; };
		6A8D68B720CF5A85005DFFE9 /* Assets.xcassets */ = {isa = PBXFileReference; lastKnownFileType = folder.assetcatalog; path = Assets.xcassets; sourceTree = "<group>"; };
		6A8D68BC20CF5A85005DFFE9 /* Info.plist */ = {isa = PBXFileReference; lastKnownFileType = text.plist.xml; path = Info.plist; sourceTree = "<group>"; };
		6AB0FAE520D9FEE700DC65A8 /* SignUpViaEmail.swift */ = {isa = PBXFileReference; lastKnownFileType = sourcecode.swift; path = SignUpViaEmail.swift; sourceTree = "<group>"; };
		6AB0FAE820D9FF3800DC65A8 /* LoginViaFacebook.swift */ = {isa = PBXFileReference; lastKnownFileType = sourcecode.swift; path = LoginViaFacebook.swift; sourceTree = "<group>"; };
		6AB0FAEA20D9FF5C00DC65A8 /* LoginViaGoogle+.swift */ = {isa = PBXFileReference; lastKnownFileType = sourcecode.swift; path = "LoginViaGoogle+.swift"; sourceTree = "<group>"; };
		6AB0FAF020DA02D700DC65A8 /* SocialLoginViewController.swift */ = {isa = PBXFileReference; lastKnownFileType = sourcecode.swift; path = SocialLoginViewController.swift; sourceTree = "<group>"; };
		6AB0FAF320DA082600DC65A8 /* SocialLoginUIView.swift */ = {isa = PBXFileReference; lastKnownFileType = sourcecode.swift; path = SocialLoginUIView.swift; sourceTree = "<group>"; };
		6AB0FAFB20DA26B400DC65A8 /* Constants.swift */ = {isa = PBXFileReference; lastKnownFileType = sourcecode.swift; path = Constants.swift; sourceTree = "<group>"; };
		6AD0450E20D7A7180030ED4E /* SplashViewController.swift */ = {isa = PBXFileReference; lastKnownFileType = sourcecode.swift; path = SplashViewController.swift; sourceTree = "<group>"; };
		6AE3020720E0971200603C35 /* GoogleService-Info.plist */ = {isa = PBXFileReference; fileEncoding = 4; lastKnownFileType = text.plist.xml; path = "GoogleService-Info.plist"; sourceTree = "<group>"; };
		741F16C525B114493EEAC6BE /* Pods_FanzPlay.framework */ = {isa = PBXFileReference; explicitFileType = wrapper.framework; includeInIndex = 0; path = Pods_FanzPlay.framework; sourceTree = BUILT_PRODUCTS_DIR; };
		B3A46818FC19B67A5BB4607C /* Pods-FanzPlay.debug.xcconfig */ = {isa = PBXFileReference; includeInIndex = 1; lastKnownFileType = text.xcconfig; name = "Pods-FanzPlay.debug.xcconfig"; path = "Pods/Target Support Files/Pods-FanzPlay/Pods-FanzPlay.debug.xcconfig"; sourceTree = "<group>"; };
/* End PBXFileReference section */

/* Begin PBXFrameworksBuildPhase section */
		6A8D68AA20CF5A83005DFFE9 /* Frameworks */ = {
			isa = PBXFrameworksBuildPhase;
			buildActionMask = 2147483647;
			files = (
				130CC8EFFFD2EDC40E8779FF /* Pods_FanzPlay.framework in Frameworks */,
			);
			runOnlyForDeploymentPostprocessing = 0;
		};
/* End PBXFrameworksBuildPhase section */

/* Begin PBXGroup section */
		4A8FC33A95341F1C798DD16E /* Pods */ = {
			isa = PBXGroup;
			children = (
				B3A46818FC19B67A5BB4607C /* Pods-FanzPlay.debug.xcconfig */,
				586E6BA7C179753604FB3AE6 /* Pods-FanzPlay.release.xcconfig */,
			);
			name = Pods;
			sourceTree = "<group>";
		};
		6A80868E20D89F7E00DD0F2D /* Helpers */ = {
			isa = PBXGroup;
			children = (
				6A80869C20D8A29F00DD0F2D /* ReverseGeoCoder */,
				6A80869F20D8A2E000DD0F2D /* ConnectionDetector */,
				6A85CB1B20E35AFA00106766 /* AlertDialogs */,
				6A8A7D1A20E4D645006C5C09 /* Parser */,
			);
			path = Helpers;
			sourceTree = "<group>";
		};
		6A80868F20D89FA200DD0F2D /* App Modules */ = {
			isa = PBXGroup;
			children = (
				6A8143AD20D0DF6D00C7E20D /* SideMenu */,
				6AD0451020D7A71D0030ED4E /* SplashViewController */,
				6AB0FAE720D9FEED00DC65A8 /* CreatingNewAccount */,
				6A8143AE20D1007800C7E20D /* MainViewController */,
			);
			path = "App Modules";
			sourceTree = "<group>";
		};
		6A80869220D8A0E000DD0F2D /* Extensions */ = {
			isa = PBXGroup;
			children = (
				6A80869420D8A10000DD0F2D /* CommonCryptor.h */,
				6A80869520D8A10000DD0F2D /* DeviceType.swift */,
				6A80869320D8A10000DD0F2D /* UIColor.swift */,
				6A8BB32A20E4775500594EE0 /* ErrorHandler.swift */,
			);
			path = Extensions;
			sourceTree = "<group>";
		};
		6A80869C20D8A29F00DD0F2D /* ReverseGeoCoder */ = {
			isa = PBXGroup;
			children = (
				6A3431B220D782FB00DD5DB1 /* ReverseGeoCoder.swift */,
			);
			path = ReverseGeoCoder;
			sourceTree = "<group>";
		};
		6A80869F20D8A2E000DD0F2D /* ConnectionDetector */ = {
			isa = PBXGroup;
			children = (
				6A80869D20D8A2CB00DD0F2D /* ConnectionDetector.swift */,
			);
			path = ConnectionDetector;
			sourceTree = "<group>";
		};
		6A8143AD20D0DF6D00C7E20D /* SideMenu */ = {
			isa = PBXGroup;
			children = (
				6A8143AB20D0DF6900C7E20D /* SideMenu.swift */,
			);
			path = SideMenu;
			sourceTree = "<group>";
		};
		6A8143AE20D1007800C7E20D /* MainViewController */ = {
			isa = PBXGroup;
			children = (
				6A8143B120D100C700C7E20D /* MainViewUIView.swift */,
				6A8D68B220CF5A84005DFFE9 /* MainViewController.swift */,
			);
			path = MainViewController;
			sourceTree = "<group>";
		};
		6A85CB1B20E35AFA00106766 /* AlertDialogs */ = {
			isa = PBXGroup;
			children = (
				6A85CB1920E35AF500106766 /* AlertDialogs.swift */,
			);
			path = AlertDialogs;
			sourceTree = "<group>";
		};
		6A8A7D1A20E4D645006C5C09 /* Parser */ = {
			isa = PBXGroup;
			children = (
				6A8A7D1820E4D62C006C5C09 /* ApiParser.swift */,
			);
			path = Parser;
			sourceTree = "<group>";
		};
		6A8D68A420CF5A83005DFFE9 = {
			isa = PBXGroup;
			children = (
				6A8D68AF20CF5A83005DFFE9 /* FanzPlay */,
				6A8D68AE20CF5A83005DFFE9 /* Products */,
				4A8FC33A95341F1C798DD16E /* Pods */,
				E6752A7020DBDD0AFE516524 /* Frameworks */,
			);
			sourceTree = "<group>";
		};
		6A8D68AE20CF5A83005DFFE9 /* Products */ = {
			isa = PBXGroup;
			children = (
				6A8D68AD20CF5A83005DFFE9 /* FanzPlay.app */,
			);
			name = Products;
			sourceTree = "<group>";
		};
		6A8D68AF20CF5A83005DFFE9 /* FanzPlay */ = {
			isa = PBXGroup;
			children = (
				6A85CB1C20E37D7000106766 /* FanzPlay.entitlements */,
				6A8D68B020CF5A83005DFFE9 /* AppDelegate.swift */,
				6A80868F20D89FA200DD0F2D /* App Modules */,
				6A80868E20D89F7E00DD0F2D /* Helpers */,
				6A80869220D8A0E000DD0F2D /* Extensions */,
				6AB0FAFD20DA270A00DC65A8 /* Constants */,
				6A8D68B720CF5A85005DFFE9 /* Assets.xcassets */,
				6A8D68BC20CF5A85005DFFE9 /* Info.plist */,
				6AE3020720E0971200603C35 /* GoogleService-Info.plist */,
				6A80869820D8A12100DD0F2D /* FanzPlay-Bridging-Header.h */,
				6A8086A520D8DBAF00DD0F2D /* LaunchScreen.storyboard */,
			);
			path = FanzPlay;
			sourceTree = "<group>";
		};
		6AB0FAE720D9FEED00DC65A8 /* CreatingNewAccount */ = {
			isa = PBXGroup;
			children = (
				6AB0FAEE20D9FFDD00DC65A8 /* LoginViaSocialMedia */,
				6AB0FAEF20DA025C00DC65A8 /* RegisterViaEmail */,
			);
			path = CreatingNewAccount;
			sourceTree = "<group>";
		};
		6AB0FAEE20D9FFDD00DC65A8 /* LoginViaSocialMedia */ = {
			isa = PBXGroup;
			children = (
				6A7609A520E5BD8700A61AC8 /* UserDataModel.swift */,
				6AB0FAF320DA082600DC65A8 /* SocialLoginUIView.swift */,
				6AB0FAF020DA02D700DC65A8 /* SocialLoginViewController.swift */,
				6AB0FAF220DA054900DC65A8 /* LoginMethods */,
			);
			path = LoginViaSocialMedia;
			sourceTree = "<group>";
		};
		6AB0FAEF20DA025C00DC65A8 /* RegisterViaEmail */ = {
			isa = PBXGroup;
			children = (
				6AB0FAE520D9FEE700DC65A8 /* SignUpViaEmail.swift */,
			);
			path = RegisterViaEmail;
			sourceTree = "<group>";
		};
		6AB0FAF220DA054900DC65A8 /* LoginMethods */ = {
			isa = PBXGroup;
			children = (
				6AB0FAE820D9FF3800DC65A8 /* LoginViaFacebook.swift */,
				6AB0FAEA20D9FF5C00DC65A8 /* LoginViaGoogle+.swift */,
			);
			path = LoginMethods;
			sourceTree = "<group>";
		};
		6AB0FAFD20DA270A00DC65A8 /* Constants */ = {
			isa = PBXGroup;
			children = (
				6AB0FAFB20DA26B400DC65A8 /* Constants.swift */,
			);
			path = Constants;
			sourceTree = "<group>";
		};
		6AD0451020D7A71D0030ED4E /* SplashViewController */ = {
			isa = PBXGroup;
			children = (
				6AD0450E20D7A7180030ED4E /* SplashViewController.swift */,
			);
			path = SplashViewController;
			sourceTree = "<group>";
		};
		E6752A7020DBDD0AFE516524 /* Frameworks */ = {
			isa = PBXGroup;
			children = (
				741F16C525B114493EEAC6BE /* Pods_FanzPlay.framework */,
			);
			name = Frameworks;
			sourceTree = "<group>";
		};
/* End PBXGroup section */

/* Begin PBXNativeTarget section */
		6A8D68AC20CF5A83005DFFE9 /* FanzPlay */ = {
			isa = PBXNativeTarget;
			buildConfigurationList = 6A8D68BF20CF5A85005DFFE9 /* Build configuration list for PBXNativeTarget "FanzPlay" */;
			buildPhases = (
				43CEF05B45A0DFCF1543FC8D /* [CP] Check Pods Manifest.lock */,
				6A8D68A920CF5A83005DFFE9 /* Sources */,
				6A8D68AA20CF5A83005DFFE9 /* Frameworks */,
				6A8D68AB20CF5A83005DFFE9 /* Resources */,
				67F9666F5353F16BE6389D48 /* [CP] Embed Pods Frameworks */,
				6A00C8DEB1BAD49FAD2C5EB2 /* [CP] Copy Pods Resources */,
			);
			buildRules = (
			);
			dependencies = (
			);
			name = FanzPlay;
			productName = FanzPlay;
			productReference = 6A8D68AD20CF5A83005DFFE9 /* FanzPlay.app */;
			productType = "com.apple.product-type.application";
		};
/* End PBXNativeTarget section */

/* Begin PBXProject section */
		6A8D68A520CF5A83005DFFE9 /* Project object */ = {
			isa = PBXProject;
			attributes = {
				LastSwiftUpdateCheck = 0930;
				LastUpgradeCheck = 0930;
				ORGANIZATIONNAME = "IOS Dev";
				TargetAttributes = {
					6A8D68AC20CF5A83005DFFE9 = {
						CreatedOnToolsVersion = 9.3;
						LastSwiftMigration = 1000;
						SystemCapabilities = {
							com.apple.BackgroundModes = {
								enabled = 1;
							};
							com.apple.Keychain = {
								enabled = 1;
							};
							com.apple.Push = {
								enabled = 1;
							};
						};
					};
				};
			};
			buildConfigurationList = 6A8D68A820CF5A83005DFFE9 /* Build configuration list for PBXProject "FanzPlay" */;
			compatibilityVersion = "Xcode 9.3";
			developmentRegion = en;
			hasScannedForEncodings = 0;
			knownRegions = (
				en,
				Base,
			);
			mainGroup = 6A8D68A420CF5A83005DFFE9;
			productRefGroup = 6A8D68AE20CF5A83005DFFE9 /* Products */;
			projectDirPath = "";
			projectRoot = "";
			targets = (
				6A8D68AC20CF5A83005DFFE9 /* FanzPlay */,
			);
		};
/* End PBXProject section */

/* Begin PBXResourcesBuildPhase section */
		6A8D68AB20CF5A83005DFFE9 /* Resources */ = {
			isa = PBXResourcesBuildPhase;
			buildActionMask = 2147483647;
			files = (
				6A8D68B820CF5A85005DFFE9 /* Assets.xcassets in Resources */,
				6A8086A620D8DBAF00DD0F2D /* LaunchScreen.storyboard in Resources */,
				6AE3020820E0971200603C35 /* GoogleService-Info.plist in Resources */,
			);
			runOnlyForDeploymentPostprocessing = 0;
		};
/* End PBXResourcesBuildPhase section */

/* Begin PBXShellScriptBuildPhase section */
		43CEF05B45A0DFCF1543FC8D /* [CP] Check Pods Manifest.lock */ = {
			isa = PBXShellScriptBuildPhase;
			buildActionMask = 2147483647;
			files = (
			);
			inputPaths = (
				"${PODS_PODFILE_DIR_PATH}/Podfile.lock",
				"${PODS_ROOT}/Manifest.lock",
			);
			name = "[CP] Check Pods Manifest.lock";
			outputPaths = (
				"$(DERIVED_FILE_DIR)/Pods-FanzPlay-checkManifestLockResult.txt",
			);
			runOnlyForDeploymentPostprocessing = 0;
			shellPath = /bin/sh;
			shellScript = "diff \"${PODS_PODFILE_DIR_PATH}/Podfile.lock\" \"${PODS_ROOT}/Manifest.lock\" > /dev/null\nif [ $? != 0 ] ; then\n    # print error to STDERR\n    echo \"error: The sandbox is not in sync with the Podfile.lock. Run 'pod install' or update your CocoaPods installation.\" >&2\n    exit 1\nfi\n# This output is used by Xcode 'outputs' to avoid re-running this script phase.\necho \"SUCCESS\" > \"${SCRIPT_OUTPUT_FILE_0}\"\n";
			showEnvVarsInLog = 0;
		};
		67F9666F5353F16BE6389D48 /* [CP] Embed Pods Frameworks */ = {
			isa = PBXShellScriptBuildPhase;
			buildActionMask = 2147483647;
			files = (
			);
			inputPaths = (
				"${SRCROOT}/Pods/Target Support Files/Pods-FanzPlay/Pods-FanzPlay-frameworks.sh",
				"${BUILT_PRODUCTS_DIR}/Bolts/Bolts.framework",
				"${BUILT_PRODUCTS_DIR}/FBSDKCoreKit/FBSDKCoreKit.framework",
				"${BUILT_PRODUCTS_DIR}/FBSDKLoginKit/FBSDKLoginKit.framework",
				"${BUILT_PRODUCTS_DIR}/GTMOAuth2/GTMOAuth2.framework",
				"${BUILT_PRODUCTS_DIR}/GTMSessionFetcher/GTMSessionFetcher.framework",
				"${BUILT_PRODUCTS_DIR}/GoogleToolboxForMac/GoogleToolboxForMac.framework",
				"${BUILT_PRODUCTS_DIR}/Protobuf/Protobuf.framework",
				"${BUILT_PRODUCTS_DIR}/nanopb/nanopb.framework",
			);
			name = "[CP] Embed Pods Frameworks";
			outputPaths = (
				"${TARGET_BUILD_DIR}/${FRAMEWORKS_FOLDER_PATH}/Bolts.framework",
				"${TARGET_BUILD_DIR}/${FRAMEWORKS_FOLDER_PATH}/FBSDKCoreKit.framework",
				"${TARGET_BUILD_DIR}/${FRAMEWORKS_FOLDER_PATH}/FBSDKLoginKit.framework",
				"${TARGET_BUILD_DIR}/${FRAMEWORKS_FOLDER_PATH}/GTMOAuth2.framework",
				"${TARGET_BUILD_DIR}/${FRAMEWORKS_FOLDER_PATH}/GTMSessionFetcher.framework",
				"${TARGET_BUILD_DIR}/${FRAMEWORKS_FOLDER_PATH}/GoogleToolboxForMac.framework",
				"${TARGET_BUILD_DIR}/${FRAMEWORKS_FOLDER_PATH}/Protobuf.framework",
				"${TARGET_BUILD_DIR}/${FRAMEWORKS_FOLDER_PATH}/nanopb.framework",
			);
			runOnlyForDeploymentPostprocessing = 0;
			shellPath = /bin/sh;
			shellScript = "\"${SRCROOT}/Pods/Target Support Files/Pods-FanzPlay/Pods-FanzPlay-frameworks.sh\"\n";
			showEnvVarsInLog = 0;
		};
		6A00C8DEB1BAD49FAD2C5EB2 /* [CP] Copy Pods Resources */ = {
			isa = PBXShellScriptBuildPhase;
			buildActionMask = 2147483647;
			files = (
			);
			inputPaths = (
				"${SRCROOT}/Pods/Target Support Files/Pods-FanzPlay/Pods-FanzPlay-resources.sh",
				"${PODS_ROOT}/GoogleSignIn/Resources/GoogleSignIn.bundle",
			);
			name = "[CP] Copy Pods Resources";
			outputPaths = (
				"${TARGET_BUILD_DIR}/${UNLOCALIZED_RESOURCES_FOLDER_PATH}/GoogleSignIn.bundle",
			);
			runOnlyForDeploymentPostprocessing = 0;
			shellPath = /bin/sh;
			shellScript = "\"${SRCROOT}/Pods/Target Support Files/Pods-FanzPlay/Pods-FanzPlay-resources.sh\"\n";
			showEnvVarsInLog = 0;
		};
/* End PBXShellScriptBuildPhase section */

/* Begin PBXSourcesBuildPhase section */
		6A8D68A920CF5A83005DFFE9 /* Sources */ = {
			isa = PBXSourcesBuildPhase;
			buildActionMask = 2147483647;
			files = (
				6A8143AC20D0DF6900C7E20D /* SideMenu.swift in Sources */,
				6A8143B220D100C700C7E20D /* MainViewUIView.swift in Sources */,
				6A8D68B320CF5A84005DFFE9 /* MainViewController.swift in Sources */,
				6A8D68B120CF5A83005DFFE9 /* AppDelegate.swift in Sources */,
				6AB0FAE920D9FF3800DC65A8 /* LoginViaFacebook.swift in Sources */,
				6A7609A620E5BD8700A61AC8 /* UserDataModel.swift in Sources */,
				6A8A7D1920E4D62C006C5C09 /* ApiParser.swift in Sources */,
				6AB0FAFC20DA26B400DC65A8 /* Constants.swift in Sources */,
				6A8BB32B20E4775500594EE0 /* ErrorHandler.swift in Sources */,
				6AB0FAEB20D9FF5C00DC65A8 /* LoginViaGoogle+.swift in Sources */,
				6A80869620D8A10000DD0F2D /* UIColor.swift in Sources */,
				6A85CB1A20E35AF500106766 /* AlertDialogs.swift in Sources */,
				6A3431B320D782FB00DD5DB1 /* ReverseGeoCoder.swift in Sources */,
				6AB0FAE620D9FEE700DC65A8 /* SignUpViaEmail.swift in Sources */,
				6AD0450F20D7A7180030ED4E /* SplashViewController.swift in Sources */,
				6AB0FAF120DA02D700DC65A8 /* SocialLoginViewController.swift in Sources */,
				6A80869720D8A10000DD0F2D /* DeviceType.swift in Sources */,
				6AB0FAF420DA082600DC65A8 /* SocialLoginUIView.swift in Sources */,
				6A80869E20D8A2CB00DD0F2D /* ConnectionDetector.swift in Sources */,
			);
			runOnlyForDeploymentPostprocessing = 0;
		};
/* End PBXSourcesBuildPhase section */

/* Begin XCBuildConfiguration section */
		6A8D68BD20CF5A85005DFFE9 /* Debug */ = {
			isa = XCBuildConfiguration;
			buildSettings = {
				ALWAYS_SEARCH_USER_PATHS = NO;
				CLANG_ANALYZER_NONNULL = YES;
				CLANG_ANALYZER_NUMBER_OBJECT_CONVERSION = YES_AGGRESSIVE;
				CLANG_CXX_LANGUAGE_STANDARD = "gnu++14";
				CLANG_CXX_LIBRARY = "libc++";
				CLANG_ENABLE_MODULES = YES;
				CLANG_ENABLE_OBJC_ARC = YES;
				CLANG_ENABLE_OBJC_WEAK = YES;
				CLANG_WARN_BLOCK_CAPTURE_AUTORELEASING = YES;
				CLANG_WARN_BOOL_CONVERSION = YES;
				CLANG_WARN_COMMA = YES;
				CLANG_WARN_CONSTANT_CONVERSION = YES;
				CLANG_WARN_DEPRECATED_OBJC_IMPLEMENTATIONS = YES;
				CLANG_WARN_DIRECT_OBJC_ISA_USAGE = YES_ERROR;
				CLANG_WARN_DOCUMENTATION_COMMENTS = YES;
				CLANG_WARN_EMPTY_BODY = YES;
				CLANG_WARN_ENUM_CONVERSION = YES;
				CLANG_WARN_INFINITE_RECURSION = YES;
				CLANG_WARN_INT_CONVERSION = YES;
				CLANG_WARN_NON_LITERAL_NULL_CONVERSION = YES;
				CLANG_WARN_OBJC_IMPLICIT_RETAIN_SELF = YES;
				CLANG_WARN_OBJC_LITERAL_CONVERSION = YES;
				CLANG_WARN_OBJC_ROOT_CLASS = YES_ERROR;
				CLANG_WARN_RANGE_LOOP_ANALYSIS = YES;
				CLANG_WARN_STRICT_PROTOTYPES = YES;
				CLANG_WARN_SUSPICIOUS_MOVE = YES;
				CLANG_WARN_UNGUARDED_AVAILABILITY = YES_AGGRESSIVE;
				CLANG_WARN_UNREACHABLE_CODE = YES;
				CLANG_WARN__DUPLICATE_METHOD_MATCH = YES;
				CODE_SIGN_IDENTITY = "iPhone Developer";
				COPY_PHASE_STRIP = NO;
				DEBUG_INFORMATION_FORMAT = dwarf;
				ENABLE_STRICT_OBJC_MSGSEND = YES;
				ENABLE_TESTABILITY = YES;
				GCC_C_LANGUAGE_STANDARD = gnu11;
				GCC_DYNAMIC_NO_PIC = NO;
				GCC_NO_COMMON_BLOCKS = YES;
				GCC_OPTIMIZATION_LEVEL = 0;
				GCC_PREPROCESSOR_DEFINITIONS = (
					"DEBUG=1",
					"$(inherited)",
				);
				GCC_WARN_64_TO_32_BIT_CONVERSION = YES;
				GCC_WARN_ABOUT_RETURN_TYPE = YES_ERROR;
				GCC_WARN_UNDECLARED_SELECTOR = YES;
				GCC_WARN_UNINITIALIZED_AUTOS = YES_AGGRESSIVE;
				GCC_WARN_UNUSED_FUNCTION = YES;
				GCC_WARN_UNUSED_VARIABLE = YES;
				IPHONEOS_DEPLOYMENT_TARGET = 11.3;
				MTL_ENABLE_DEBUG_INFO = YES;
				ONLY_ACTIVE_ARCH = YES;
				SDKROOT = iphoneos;
				SWIFT_ACTIVE_COMPILATION_CONDITIONS = DEBUG;
				SWIFT_OPTIMIZATION_LEVEL = "-Onone";
			};
			name = Debug;
		};
		6A8D68BE20CF5A85005DFFE9 /* Release */ = {
			isa = XCBuildConfiguration;
			buildSettings = {
				ALWAYS_SEARCH_USER_PATHS = NO;
				CLANG_ANALYZER_NONNULL = YES;
				CLANG_ANALYZER_NUMBER_OBJECT_CONVERSION = YES_AGGRESSIVE;
				CLANG_CXX_LANGUAGE_STANDARD = "gnu++14";
				CLANG_CXX_LIBRARY = "libc++";
				CLANG_ENABLE_MODULES = YES;
				CLANG_ENABLE_OBJC_ARC = YES;
				CLANG_ENABLE_OBJC_WEAK = YES;
				CLANG_WARN_BLOCK_CAPTURE_AUTORELEASING = YES;
				CLANG_WARN_BOOL_CONVERSION = YES;
				CLANG_WARN_COMMA = YES;
				CLANG_WARN_CONSTANT_CONVERSION = YES;
				CLANG_WARN_DEPRECATED_OBJC_IMPLEMENTATIONS = YES;
				CLANG_WARN_DIRECT_OBJC_ISA_USAGE = YES_ERROR;
				CLANG_WARN_DOCUMENTATION_COMMENTS = YES;
				CLANG_WARN_EMPTY_BODY = YES;
				CLANG_WARN_ENUM_CONVERSION = YES;
				CLANG_WARN_INFINITE_RECURSION = YES;
				CLANG_WARN_INT_CONVERSION = YES;
				CLANG_WARN_NON_LITERAL_NULL_CONVERSION = YES;
				CLANG_WARN_OBJC_IMPLICIT_RETAIN_SELF = YES;
				CLANG_WARN_OBJC_LITERAL_CONVERSION = YES;
				CLANG_WARN_OBJC_ROOT_CLASS = YES_ERROR;
				CLANG_WARN_RANGE_LOOP_ANALYSIS = YES;
				CLANG_WARN_STRICT_PROTOTYPES = YES;
				CLANG_WARN_SUSPICIOUS_MOVE = YES;
				CLANG_WARN_UNGUARDED_AVAILABILITY = YES_AGGRESSIVE;
				CLANG_WARN_UNREACHABLE_CODE = YES;
				CLANG_WARN__DUPLICATE_METHOD_MATCH = YES;
				CODE_SIGN_IDENTITY = "iPhone Developer";
				COPY_PHASE_STRIP = NO;
				DEBUG_INFORMATION_FORMAT = "dwarf-with-dsym";
				ENABLE_NS_ASSERTIONS = NO;
				ENABLE_STRICT_OBJC_MSGSEND = YES;
				GCC_C_LANGUAGE_STANDARD = gnu11;
				GCC_NO_COMMON_BLOCKS = YES;
				GCC_WARN_64_TO_32_BIT_CONVERSION = YES;
				GCC_WARN_ABOUT_RETURN_TYPE = YES_ERROR;
				GCC_WARN_UNDECLARED_SELECTOR = YES;
				GCC_WARN_UNINITIALIZED_AUTOS = YES_AGGRESSIVE;
				GCC_WARN_UNUSED_FUNCTION = YES;
				GCC_WARN_UNUSED_VARIABLE = YES;
				IPHONEOS_DEPLOYMENT_TARGET = 11.3;
				MTL_ENABLE_DEBUG_INFO = NO;
				SDKROOT = iphoneos;
				SWIFT_COMPILATION_MODE = wholemodule;
				SWIFT_OPTIMIZATION_LEVEL = "-O";
				VALIDATE_PRODUCT = YES;
			};
			name = Release;
		};
		6A8D68C020CF5A85005DFFE9 /* Debug */ = {
			isa = XCBuildConfiguration;
			baseConfigurationReference = B3A46818FC19B67A5BB4607C /* Pods-FanzPlay.debug.xcconfig */;
			buildSettings = {
				ALWAYS_EMBED_SWIFT_STANDARD_LIBRARIES = YES;
				ASSETCATALOG_COMPILER_APPICON_NAME = AppIcon;
				CLANG_ENABLE_MODULES = YES;
				CODE_SIGN_ENTITLEMENTS = FanzPlay/FanzPlay.entitlements;
				CODE_SIGN_IDENTITY = "iPhone Developer";
				CODE_SIGN_STYLE = Automatic;
				DEBUG_INFORMATION_FORMAT = "dwarf-with-dsym";
				DEVELOPMENT_TEAM = CDKA5PVJ39;
				INFOPLIST_FILE = FanzPlay/Info.plist;
				IPHONEOS_DEPLOYMENT_TARGET = 10.0;
				LD_RUNPATH_SEARCH_PATHS = (
					"$(inherited)",
					"@executable_path/Frameworks",
				);
				PRODUCT_BUNDLE_IDENTIFIER = mvp.fanzplay.ios;
				PRODUCT_NAME = "$(TARGET_NAME)";
				PROVISIONING_PROFILE_SPECIFIER = "";
				SWIFT_OBJC_BRIDGING_HEADER = "FanzPlay/FanzPlay-Bridging-Header.h";
				SWIFT_OPTIMIZATION_LEVEL = "-Onone";
				SWIFT_VERSION = 4.0;
				TARGETED_DEVICE_FAMILY = "1,2";
			};
			name = Debug;
		};
		6A8D68C120CF5A85005DFFE9 /* Release */ = {
			isa = XCBuildConfiguration;
			baseConfigurationReference = 586E6BA7C179753604FB3AE6 /* Pods-FanzPlay.release.xcconfig */;
			buildSettings = {
				ALWAYS_EMBED_SWIFT_STANDARD_LIBRARIES = YES;
				ASSETCATALOG_COMPILER_APPICON_NAME = AppIcon;
				CLANG_ENABLE_MODULES = YES;
				CODE_SIGN_ENTITLEMENTS = FanzPlay/FanzPlay.entitlements;
				CODE_SIGN_IDENTITY = "iPhone Developer";
				CODE_SIGN_STYLE = Automatic;
				DEVELOPMENT_TEAM = CDKA5PVJ39;
				INFOPLIST_FILE = FanzPlay/Info.plist;
				IPHONEOS_DEPLOYMENT_TARGET = 10.0;
				LD_RUNPATH_SEARCH_PATHS = (
					"$(inherited)",
					"@executable_path/Frameworks",
				);
				PRODUCT_BUNDLE_IDENTIFIER = mvp.fanzplay.ios;
				PRODUCT_NAME = "$(TARGET_NAME)";
				PROVISIONING_PROFILE_SPECIFIER = "";
				SWIFT_OBJC_BRIDGING_HEADER = "FanzPlay/FanzPlay-Bridging-Header.h";
				SWIFT_VERSION = 4.0;
				TARGETED_DEVICE_FAMILY = "1,2";
			};
			name = Release;
		};
/* End XCBuildConfiguration section */

/* Begin XCConfigurationList section */
		6A8D68A820CF5A83005DFFE9 /* Build configuration list for PBXProject "FanzPlay" */ = {
			isa = XCConfigurationList;
			buildConfigurations = (
				6A8D68BD20CF5A85005DFFE9 /* Debug */,
				6A8D68BE20CF5A85005DFFE9 /* Release */,
			);
			defaultConfigurationIsVisible = 0;
			defaultConfigurationName = Release;
		};
		6A8D68BF20CF5A85005DFFE9 /* Build configuration list for PBXNativeTarget "FanzPlay" */ = {
			isa = XCConfigurationList;
			buildConfigurations = (
				6A8D68C020CF5A85005DFFE9 /* Debug */,
				6A8D68C120CF5A85005DFFE9 /* Release */,
			);
			defaultConfigurationIsVisible = 0;
			defaultConfigurationName = Release;
		};
/* End XCConfigurationList section */
	};
	rootObject = 6A8D68A520CF5A83005DFFE9 /* Project object */;
}
